
Microsoft Visual Studio Solution File, Format Version 12.00
# Visual Studio Version 17
VisualStudioVersion = 17.0.31903.59
MinimumVisualStudioVersion = 10.0.40219.1
Project("{FAE04EC0-301F-11D3-BF4B-00C04F79EFBC}") = "Authentication.API", "Authentication.API\Authentication.API.csproj", "{0F1ED04F-FE30-4781-A449-7127ABB0BD37}"
EndProject
Project("{FAE04EC0-301F-11D3-BF4B-00C04F79EFBC}") = "Authentication.Tests", "Authentication.Tests\Authentication.Tests.csproj", "{CC086869-DA5C-428F-B84F-A0E5A9AE3C71}"
EndProject
Global
	GlobalSection(SolutionConfigurationPlatforms) = preSolution
		Debug|Any CPU = Debug|Any CPU
		Release|Any CPU = Release|Any CPU
	EndGlobalSection
	GlobalSection(SolutionProperties) = preSolution
		HideSolutionNode = FALSE
	EndGlobalSection
	GlobalSection(ProjectConfigurationPlatforms) = postSolution
		{0F1ED04F-FE30-4781-A449-7127ABB0BD37}.Debug|Any CPU.ActiveCfg = Debug|Any CPU
		{0F1ED04F-FE30-4781-A449-7127ABB0BD37}.Debug|Any CPU.Build.0 = Debug|Any CPU
		{0F1ED04F-FE30-4781-A449-7127ABB0BD37}.Release|Any CPU.ActiveCfg = Release|Any CPU
		{0F1ED04F-FE30-4781-A449-7127ABB0BD37}.Release|Any CPU.Build.0 = Release|Any CPU
		{CC086869-DA5C-428F-B84F-A0E5A9AE3C71}.Debug|Any CPU.ActiveCfg = Debug|Any CPU
		{CC086869-DA5C-428F-B84F-A0E5A9AE3C71}.Debug|Any CPU.Build.0 = Debug|Any CPU
		{CC086869-DA5C-428F-B84F-A0E5A9AE3C71}.Release|Any CPU.ActiveCfg = Release|Any CPU
		{CC086869-DA5C-428F-B84F-A0E5A9AE3C71}.Release|Any CPU.Build.0 = Release|Any CPU
	EndGlobalSection
EndGlobal
